// !$*UTF8*$!
{
	archiveVersion = 1;
	classes = {
	};
	objectVersion = 46;
	objects = {

/* Begin PBXBuildFile section */
		E8385FB71E5920DC0019BB85 /* AppDelegate.swift in Sources */ = {isa = PBXBuildFile; fileRef = E8385FB61E5920DC0019BB85 /* AppDelegate.swift */; };
		E8385FB91E5920DC0019BB85 /* ViewController.swift in Sources */ = {isa = PBXBuildFile; fileRef = E8385FB81E5920DC0019BB85 /* ViewController.swift */; };
		E8385FBC1E5920DC0019BB85 /* Main.storyboard in Resources */ = {isa = PBXBuildFile; fileRef = E8385FBA1E5920DC0019BB85 /* Main.storyboard */; };
		E8385FBE1E5920DC0019BB85 /* Assets.xcassets in Resources */ = {isa = PBXBuildFile; fileRef = E8385FBD1E5920DC0019BB85 /* Assets.xcassets */; };
		E8385FC11E5920DC0019BB85 /* LaunchScreen.storyboard in Resources */ = {isa = PBXBuildFile; fileRef = E8385FBF1E5920DC0019BB85 /* LaunchScreen.storyboard */; };
		E852CF8F1E61F44300C5DE01 /* s1.mp3 in Resources */ = {isa = PBXBuildFile; fileRef = E852CF7E1E61F44300C5DE01 /* s1.mp3 */; };
		E852CF901E61F44300C5DE01 /* s2.mp3 in Resources */ = {isa = PBXBuildFile; fileRef = E852CF7F1E61F44300C5DE01 /* s2.mp3 */; };
		E852CF911E61F44300C5DE01 /* s3.mp3 in Resources */ = {isa = PBXBuildFile; fileRef = E852CF801E61F44300C5DE01 /* s3.mp3 */; };
		E852CF921E61F44300C5DE01 /* sa1.mp3 in Resources */ = {isa = PBXBuildFile; fileRef = E852CF811E61F44300C5DE01 /* sa1.mp3 */; };
		E852CF931E61F44300C5DE01 /* sa2.mp3 in Resources */ = {isa = PBXBuildFile; fileRef = E852CF821E61F44300C5DE01 /* sa2.mp3 */; };
		E852CF941E61F44300C5DE01 /* sb1.mp3 in Resources */ = {isa = PBXBuildFile; fileRef = E852CF831E61F44300C5DE01 /* sb1.mp3 */; };
		E852CF951E61F44300C5DE01 /* sb2.mp3 in Resources */ = {isa = PBXBuildFile; fileRef = E852CF841E61F44300C5DE01 /* sb2.mp3 */; };
		E852CF961E61F44300C5DE01 /* sb3.mp3 in Resources */ = {isa = PBXBuildFile; fileRef = E852CF851E61F44300C5DE01 /* sb3.mp3 */; };
		E852CF971E61F44300C5DE01 /* sb4.mp3 in Resources */ = {isa = PBXBuildFile; fileRef = E852CF861E61F44300C5DE01 /* sb4.mp3 */; };
		E852CF981E61F44300C5DE01 /* sb5.mp3 in Resources */ = {isa = PBXBuildFile; fileRef = E852CF871E61F44300C5DE01 /* sb5.mp3 */; };
		E852CF991E61F44300C5DE01 /* sc1.mp3 in Resources */ = {isa = PBXBuildFile; fileRef = E852CF881E61F44300C5DE01 /* sc1.mp3 */; };
		E852CF9A1E61F44300C5DE01 /* sc2.mp3 in Resources */ = {isa = PBXBuildFile; fileRef = E852CF891E61F44300C5DE01 /* sc2.mp3 */; };
		E852CF9B1E61F44300C5DE01 /* sd1.mp3 in Resources */ = {isa = PBXBuildFile; fileRef = E852CF8A1E61F44300C5DE01 /* sd1.mp3 */; };
		E852CF9C1E61F44300C5DE01 /* sd2.mp3 in Resources */ = {isa = PBXBuildFile; fileRef = E852CF8B1E61F44300C5DE01 /* sd2.mp3 */; };
		E852CF9D1E61F44300C5DE01 /* sd3.mp3 in Resources */ = {isa = PBXBuildFile; fileRef = E852CF8C1E61F44300C5DE01 /* sd3.mp3 */; };
		E852CF9E1E61F44300C5DE01 /* sd4.mp3 in Resources */ = {isa = PBXBuildFile; fileRef = E852CF8D1E61F44300C5DE01 /* sd4.mp3 */; };
		E852CF9F1E61F44300C5DE01 /* sd5.mp3 in Resources */ = {isa = PBXBuildFile; fileRef = E852CF8E1E61F44300C5DE01 /* sd5.mp3 */; };
		E852CFB31E61F70900C5DE01 /* a1.mp3 in Resources */ = {isa = PBXBuildFile; fileRef = E852CFA01E61F70900C5DE01 /* a1.mp3 */; };
		E852CFB41E61F70900C5DE01 /* a2.mp3 in Resources */ = {isa = PBXBuildFile; fileRef = E852CFA11E61F70900C5DE01 /* a2.mp3 */; };
		E852CFB51E61F70900C5DE01 /* a3.mp3 in Resources */ = {isa = PBXBuildFile; fileRef = E852CFA21E61F70900C5DE01 /* a3.mp3 */; };
		E852CFB61E61F70900C5DE01 /* a4.mp3 in Resources */ = {isa = PBXBuildFile; fileRef = E852CFA31E61F70900C5DE01 /* a4.mp3 */; };
		E852CFB71E61F70900C5DE01 /* a5.mp3 in Resources */ = {isa = PBXBuildFile; fileRef = E852CFA41E61F70900C5DE01 /* a5.mp3 */; };
		E852CFB81E61F70900C5DE01 /* a6.mp3 in Resources */ = {isa = PBXBuildFile; fileRef = E852CFA51E61F70900C5DE01 /* a6.mp3 */; };
		E852CFB91E61F70900C5DE01 /* a7.mp3 in Resources */ = {isa = PBXBuildFile; fileRef = E852CFA61E61F70900C5DE01 /* a7.mp3 */; };
		E852CFBA1E61F70900C5DE01 /* a8.mp3 in Resources */ = {isa = PBXBuildFile; fileRef = E852CFA71E61F70900C5DE01 /* a8.mp3 */; };
		E852CFBB1E61F70900C5DE01 /* a9.mp3 in Resources */ = {isa = PBXBuildFile; fileRef = E852CFA81E61F70900C5DE01 /* a9.mp3 */; };
		E852CFBC1E61F70900C5DE01 /* a10.mp3 in Resources */ = {isa = PBXBuildFile; fileRef = E852CFA91E61F70900C5DE01 /* a10.mp3 */; };
		E852CFBD1E61F70900C5DE01 /* a11.mp3 in Resources */ = {isa = PBXBuildFile; fileRef = E852CFAA1E61F70900C5DE01 /* a11.mp3 */; };
		E852CFBE1E61F70900C5DE01 /* a12.mp3 in Resources */ = {isa = PBXBuildFile; fileRef = E852CFAB1E61F70900C5DE01 /* a12.mp3 */; };
		E852CFBF1E61F70900C5DE01 /* a13.mp3 in Resources */ = {isa = PBXBuildFile; fileRef = E852CFAC1E61F70900C5DE01 /* a13.mp3 */; };
		E852CFC01E61F70900C5DE01 /* a14.mp3 in Resources */ = {isa = PBXBuildFile; fileRef = E852CFAD1E61F70900C5DE01 /* a14.mp3 */; };
		E852CFC11E61F70900C5DE01 /* a15.mp3 in Resources */ = {isa = PBXBuildFile; fileRef = E852CFAE1E61F70900C5DE01 /* a15.mp3 */; };
		E852CFC21E61F70900C5DE01 /* a16.mp3 in Resources */ = {isa = PBXBuildFile; fileRef = E852CFAF1E61F70900C5DE01 /* a16.mp3 */; };
		E852CFC31E61F70900C5DE01 /* a17.mp3 in Resources */ = {isa = PBXBuildFile; fileRef = E852CFB01E61F70900C5DE01 /* a17.mp3 */; };
		E852CFC41E61F70900C5DE01 /* a18.mp3 in Resources */ = {isa = PBXBuildFile; fileRef = E852CFB11E61F70900C5DE01 /* a18.mp3 */; };
		E852CFC51E61F70900C5DE01 /* a19.mp3 in Resources */ = {isa = PBXBuildFile; fileRef = E852CFB21E61F70900C5DE01 /* a19.mp3 */; };
		E852CFE01E620D4C00C5DE01 /* x1.mp3 in Resources */ = {isa = PBXBuildFile; fileRef = E852CFC61E620D4C00C5DE01 /* x1.mp3 */; };
		E852CFE11E620D4C00C5DE01 /* x2.mp3 in Resources */ = {isa = PBXBuildFile; fileRef = E852CFC71E620D4C00C5DE01 /* x2.mp3 */; };
		E852CFE21E620D4C00C5DE01 /* x3.mp3 in Resources */ = {isa = PBXBuildFile; fileRef = E852CFC81E620D4C00C5DE01 /* x3.mp3 */; };
		E852CFE31E620D4C00C5DE01 /* x4.mp3 in Resources */ = {isa = PBXBuildFile; fileRef = E852CFC91E620D4C00C5DE01 /* x4.mp3 */; };
		E852CFE41E620D4C00C5DE01 /* x5.mp3 in Resources */ = {isa = PBXBuildFile; fileRef = E852CFCA1E620D4C00C5DE01 /* x5.mp3 */; };
		E852CFE51E620D4C00C5DE01 /* x6.mp3 in Resources */ = {isa = PBXBuildFile; fileRef = E852CFCB1E620D4C00C5DE01 /* x6.mp3 */; };
		E852CFE61E620D4C00C5DE01 /* x7.mp3 in Resources */ = {isa = PBXBuildFile; fileRef = E852CFCC1E620D4C00C5DE01 /* x7.mp3 */; };
		E852CFE71E620D4C00C5DE01 /* x8.mp3 in Resources */ = {isa = PBXBuildFile; fileRef = E852CFCD1E620D4C00C5DE01 /* x8.mp3 */; };
		E852CFE81E620D4C00C5DE01 /* x9.mp3 in Resources */ = {isa = PBXBuildFile; fileRef = E852CFCE1E620D4C00C5DE01 /* x9.mp3 */; };
		E852CFE91E620D4C00C5DE01 /* x10.mp3 in Resources */ = {isa = PBXBuildFile; fileRef = E852CFCF1E620D4C00C5DE01 /* x10.mp3 */; };
		E852CFEA1E620D4C00C5DE01 /* x11.mp3 in Resources */ = {isa = PBXBuildFile; fileRef = E852CFD01E620D4C00C5DE01 /* x11.mp3 */; };
		E852CFEB1E620D4C00C5DE01 /* x12.mp3 in Resources */ = {isa = PBXBuildFile; fileRef = E852CFD11E620D4C00C5DE01 /* x12.mp3 */; };
		E852CFEC1E620D4C00C5DE01 /* x13.mp3 in Resources */ = {isa = PBXBuildFile; fileRef = E852CFD21E620D4C00C5DE01 /* x13.mp3 */; };
		E852CFED1E620D4C00C5DE01 /* x14.mp3 in Resources */ = {isa = PBXBuildFile; fileRef = E852CFD31E620D4C00C5DE01 /* x14.mp3 */; };
		E852CFEE1E620D4C00C5DE01 /* x15.mp3 in Resources */ = {isa = PBXBuildFile; fileRef = E852CFD41E620D4C00C5DE01 /* x15.mp3 */; };
		E852CFEF1E620D4C00C5DE01 /* x16.mp3 in Resources */ = {isa = PBXBuildFile; fileRef = E852CFD51E620D4C00C5DE01 /* x16.mp3 */; };
		E852CFF01E620D4C00C5DE01 /* x17.mp3 in Resources */ = {isa = PBXBuildFile; fileRef = E852CFD61E620D4C00C5DE01 /* x17.mp3 */; };
		E852CFF11E620D4C00C5DE01 /* x18.mp3 in Resources */ = {isa = PBXBuildFile; fileRef = E852CFD71E620D4C00C5DE01 /* x18.mp3 */; };
		E852CFF21E620D4C00C5DE01 /* x19.mp3 in Resources */ = {isa = PBXBuildFile; fileRef = E852CFD81E620D4C00C5DE01 /* x19.mp3 */; };
		E852CFF31E620D4C00C5DE01 /* x20.mp3 in Resources */ = {isa = PBXBuildFile; fileRef = E852CFD91E620D4C00C5DE01 /* x20.mp3 */; };
		E852CFF41E620D4C00C5DE01 /* x21.mp3 in Resources */ = {isa = PBXBuildFile; fileRef = E852CFDA1E620D4C00C5DE01 /* x21.mp3 */; };
		E852CFF51E620D4C00C5DE01 /* x22.mp3 in Resources */ = {isa = PBXBuildFile; fileRef = E852CFDB1E620D4C00C5DE01 /* x22.mp3 */; };
		E852CFF61E620D4C00C5DE01 /* x23.mp3 in Resources */ = {isa = PBXBuildFile; fileRef = E852CFDC1E620D4C00C5DE01 /* x23.mp3 */; };
		E852CFF71E620D4C00C5DE01 /* x24.mp3 in Resources */ = {isa = PBXBuildFile; fileRef = E852CFDD1E620D4C00C5DE01 /* x24.mp3 */; };
		E852CFF81E620D4C00C5DE01 /* x25.mp3 in Resources */ = {isa = PBXBuildFile; fileRef = E852CFDE1E620D4C00C5DE01 /* x25.mp3 */; };
		E852CFF91E620D4C00C5DE01 /* x26.mp3 in Resources */ = {isa = PBXBuildFile; fileRef = E852CFDF1E620D4C00C5DE01 /* x26.mp3 */; };
		E852D0061E62140A00C5DE01 /* pr1.mp3 in Resources */ = {isa = PBXBuildFile; fileRef = E852CFFA1E62140A00C5DE01 /* pr1.mp3 */; };
		E852D0071E62140A00C5DE01 /* pr2.mp3 in Resources */ = {isa = PBXBuildFile; fileRef = E852CFFB1E62140A00C5DE01 /* pr2.mp3 */; };
		E852D0081E62140A00C5DE01 /* pr3.mp3 in Resources */ = {isa = PBXBuildFile; fileRef = E852CFFC1E62140A00C5DE01 /* pr3.mp3 */; };
		E852D0091E62140A00C5DE01 /* pr4.mp3 in Resources */ = {isa = PBXBuildFile; fileRef = E852CFFD1E62140A00C5DE01 /* pr4.mp3 */; };
		E852D00A1E62140A00C5DE01 /* pr5.mp3 in Resources */ = {isa = PBXBuildFile; fileRef = E852CFFE1E62140A00C5DE01 /* pr5.mp3 */; };
		E852D00B1E62140A00C5DE01 /* pr6.mp3 in Resources */ = {isa = PBXBuildFile; fileRef = E852CFFF1E62140A00C5DE01 /* pr6.mp3 */; };
		E852D00C1E62140A00C5DE01 /* pr7.mp3 in Resources */ = {isa = PBXBuildFile; fileRef = E852D0001E62140A00C5DE01 /* pr7.mp3 */; };
		E852D00D1E62140A00C5DE01 /* pr8.mp3 in Resources */ = {isa = PBXBuildFile; fileRef = E852D0011E62140A00C5DE01 /* pr8.mp3 */; };
		E852D00E1E62140A00C5DE01 /* pt1.mp3 in Resources */ = {isa = PBXBuildFile; fileRef = E852D0021E62140A00C5DE01 /* pt1.mp3 */; };
		E852D00F1E62140A00C5DE01 /* pt2.mp3 in Resources */ = {isa = PBXBuildFile; fileRef = E852D0031E62140A00C5DE01 /* pt2.mp3 */; };
		E852D0101E62140A00C5DE01 /* pt3.mp3 in Resources */ = {isa = PBXBuildFile; fileRef = E852D0041E62140A00C5DE01 /* pt3.mp3 */; };
		E852D0111E62140A00C5DE01 /* pt4.mp3 in Resources */ = {isa = PBXBuildFile; fileRef = E852D0051E62140A00C5DE01 /* pt4.mp3 */; };
		E852D0131E62147100C5DE01 /* pr0.mp3 in Resources */ = {isa = PBXBuildFile; fileRef = E852D0121E62147100C5DE01 /* pr0.mp3 */; };
		E852D0271E62272200C5DE01 /* i1.mp3 in Resources */ = {isa = PBXBuildFile; fileRef = E852D0141E62272200C5DE01 /* i1.mp3 */; };
		E852D0281E62272200C5DE01 /* i2.mp3 in Resources */ = {isa = PBXBuildFile; fileRef = E852D0151E62272200C5DE01 /* i2.mp3 */; };
		E852D0291E62272200C5DE01 /* i3.mp3 in Resources */ = {isa = PBXBuildFile; fileRef = E852D0161E62272200C5DE01 /* i3.mp3 */; };
		E852D02A1E62272200C5DE01 /* i4.mp3 in Resources */ = {isa = PBXBuildFile; fileRef = E852D0171E62272200C5DE01 /* i4.mp3 */; };
		E852D02B1E62272200C5DE01 /* i5.mp3 in Resources */ = {isa = PBXBuildFile; fileRef = E852D0181E62272200C5DE01 /* i5.mp3 */; };
		E852D02C1E62272200C5DE01 /* i6.mp3 in Resources */ = {isa = PBXBuildFile; fileRef = E852D0191E62272200C5DE01 /* i6.mp3 */; };
		E852D02D1E62272200C5DE01 /* i7.mp3 in Resources */ = {isa = PBXBuildFile; fileRef = E852D01A1E62272200C5DE01 /* i7.mp3 */; };
		E852D02E1E62272200C5DE01 /* i8.mp3 in Resources */ = {isa = PBXBuildFile; fileRef = E852D01B1E62272200C5DE01 /* i8.mp3 */; };
		E852D02F1E62272200C5DE01 /* j1.mp3 in Resources */ = {isa = PBXBuildFile; fileRef = E852D01C1E62272200C5DE01 /* j1.mp3 */; };
		E852D0301E62272200C5DE01 /* j2.mp3 in Resources */ = {isa = PBXBuildFile; fileRef = E852D01D1E62272200C5DE01 /* j2.mp3 */; };
		E852D0311E62272200C5DE01 /* j3.mp3 in Resources */ = {isa = PBXBuildFile; fileRef = E852D01E1E62272200C5DE01 /* j3.mp3 */; };
		E852D0321E62272200C5DE01 /* j4.mp3 in Resources */ = {isa = PBXBuildFile; fileRef = E852D01F1E62272200C5DE01 /* j4.mp3 */; };
		E852D0331E62272200C5DE01 /* j5.mp3 in Resources */ = {isa = PBXBuildFile; fileRef = E852D0201E62272200C5DE01 /* j5.mp3 */; };
		E852D0341E62272200C5DE01 /* j6.mp3 in Resources */ = {isa = PBXBuildFile; fileRef = E852D0211E62272200C5DE01 /* j6.mp3 */; };
		E852D0351E62272200C5DE01 /* j7.mp3 in Resources */ = {isa = PBXBuildFile; fileRef = E852D0221E62272200C5DE01 /* j7.mp3 */; };
		E852D0361E62272200C5DE01 /* j8.mp3 in Resources */ = {isa = PBXBuildFile; fileRef = E852D0231E62272200C5DE01 /* j8.mp3 */; };
		E852D0371E62272200C5DE01 /* j9.mp3 in Resources */ = {isa = PBXBuildFile; fileRef = E852D0241E62272200C5DE01 /* j9.mp3 */; };
		E852D0381E62272200C5DE01 /* j10.mp3 in Resources */ = {isa = PBXBuildFile; fileRef = E852D0251E62272200C5DE01 /* j10.mp3 */; };
		E852D0391E62272200C5DE01 /* j11.mp3 in Resources */ = {isa = PBXBuildFile; fileRef = E852D0261E62272200C5DE01 /* j11.mp3 */; };
		E852D0441E62369900C5DE01 /* v1.mp3 in Resources */ = {isa = PBXBuildFile; fileRef = E852D03A1E62369900C5DE01 /* v1.mp3 */; };
		E852D0451E62369900C5DE01 /* v2.mp3 in Resources */ = {isa = PBXBuildFile; fileRef = E852D03B1E62369900C5DE01 /* v2.mp3 */; };
		E852D0461E62369900C5DE01 /* v3.mp3 in Resources */ = {isa = PBXBuildFile; fileRef = E852D03C1E62369900C5DE01 /* v3.mp3 */; };
		E852D0471E62369900C5DE01 /* v4.mp3 in Resources */ = {isa = PBXBuildFile; fileRef = E852D03D1E62369900C5DE01 /* v4.mp3 */; };
		E852D0481E62369900C5DE01 /* v5.mp3 in Resources */ = {isa = PBXBuildFile; fileRef = E852D03E1E62369900C5DE01 /* v5.mp3 */; };
		E852D0491E62369900C5DE01 /* v6.mp3 in Resources */ = {isa = PBXBuildFile; fileRef = E852D03F1E62369900C5DE01 /* v6.mp3 */; };
		E852D04A1E62369900C5DE01 /* v7.mp3 in Resources */ = {isa = PBXBuildFile; fileRef = E852D0401E62369900C5DE01 /* v7.mp3 */; };
		E852D04B1E62369900C5DE01 /* v8.mp3 in Resources */ = {isa = PBXBuildFile; fileRef = E852D0411E62369900C5DE01 /* v8.mp3 */; };
		E852D04C1E62369900C5DE01 /* v9.mp3 in Resources */ = {isa = PBXBuildFile; fileRef = E852D0421E62369900C5DE01 /* v9.mp3 */; };
		E852D04D1E62369900C5DE01 /* v10.mp3 in Resources */ = {isa = PBXBuildFile; fileRef = E852D0431E62369900C5DE01 /* v10.mp3 */; };
		E852D0D81E6249AF00C5DE01 /* 0.mp3 in Resources */ = {isa = PBXBuildFile; fileRef = E852D0AA1E6249AF00C5DE01 /* 0.mp3 */; };
		E852D0D91E6249AF00C5DE01 /* 1.mp3 in Resources */ = {isa = PBXBuildFile; fileRef = E852D0AB1E6249AF00C5DE01 /* 1.mp3 */; };
		E852D0DA1E6249AF00C5DE01 /* 2.mp3 in Resources */ = {isa = PBXBuildFile; fileRef = E852D0AC1E6249AF00C5DE01 /* 2.mp3 */; };
		E852D0DB1E6249AF00C5DE01 /* 3.mp3 in Resources */ = {isa = PBXBuildFile; fileRef = E852D0AD1E6249AF00C5DE01 /* 3.mp3 */; };
		E852D0DC1E6249AF00C5DE01 /* 4.mp3 in Resources */ = {isa = PBXBuildFile; fileRef = E852D0AE1E6249AF00C5DE01 /* 4.mp3 */; };
		E852D0DD1E6249AF00C5DE01 /* 5.mp3 in Resources */ = {isa = PBXBuildFile; fileRef = E852D0AF1E6249AF00C5DE01 /* 5.mp3 */; };
		E852D0DE1E6249AF00C5DE01 /* 6.mp3 in Resources */ = {isa = PBXBuildFile; fileRef = E852D0B01E6249AF00C5DE01 /* 6.mp3 */; };
		E852D0DF1E6249AF00C5DE01 /* 7.mp3 in Resources */ = {isa = PBXBuildFile; fileRef = E852D0B11E6249AF00C5DE01 /* 7.mp3 */; };
		E852D0E01E6249AF00C5DE01 /* 8.mp3 in Resources */ = {isa = PBXBuildFile; fileRef = E852D0B21E6249AF00C5DE01 /* 8.mp3 */; };
		E852D0E11E6249AF00C5DE01 /* 9.mp3 in Resources */ = {isa = PBXBuildFile; fileRef = E852D0B31E6249AF00C5DE01 /* 9.mp3 */; };
		E852D0E21E6249AF00C5DE01 /* 10.mp3 in Resources */ = {isa = PBXBuildFile; fileRef = E852D0B41E6249AF00C5DE01 /* 10.mp3 */; };
		E852D0E31E6249AF00C5DE01 /* 11.mp3 in Resources */ = {isa = PBXBuildFile; fileRef = E852D0B51E6249AF00C5DE01 /* 11.mp3 */; };
		E852D0E41E6249AF00C5DE01 /* 12.mp3 in Resources */ = {isa = PBXBuildFile; fileRef = E852D0B61E6249AF00C5DE01 /* 12.mp3 */; };
		E852D0E51E6249AF00C5DE01 /* 13.mp3 in Resources */ = {isa = PBXBuildFile; fileRef = E852D0B71E6249AF00C5DE01 /* 13.mp3 */; };
		E852D0E61E6249AF00C5DE01 /* 14.mp3 in Resources */ = {isa = PBXBuildFile; fileRef = E852D0B81E6249AF00C5DE01 /* 14.mp3 */; };
		E852D0E71E6249AF00C5DE01 /* 15.mp3 in Resources */ = {isa = PBXBuildFile; fileRef = E852D0B91E6249AF00C5DE01 /* 15.mp3 */; };
		E852D0E81E6249AF00C5DE01 /* 16.mp3 in Resources */ = {isa = PBXBuildFile; fileRef = E852D0BA1E6249AF00C5DE01 /* 16.mp3 */; };
		E852D0E91E6249AF00C5DE01 /* 17.mp3 in Resources */ = {isa = PBXBuildFile; fileRef = E852D0BB1E6249AF00C5DE01 /* 17.mp3 */; };
		E852D0EA1E6249AF00C5DE01 /* 18.mp3 in Resources */ = {isa = PBXBuildFile; fileRef = E852D0BC1E6249AF00C5DE01 /* 18.mp3 */; };
		E852D0EB1E6249AF00C5DE01 /* 19.mp3 in Resources */ = {isa = PBXBuildFile; fileRef = E852D0BD1E6249AF00C5DE01 /* 19.mp3 */; };
		E852D0EC1E6249AF00C5DE01 /* 21.mp3 in Resources */ = {isa = PBXBuildFile; fileRef = E852D0BE1E6249AF00C5DE01 /* 21.mp3 */; };
		E852D0ED1E6249AF00C5DE01 /* 27.mp3 in Resources */ = {isa = PBXBuildFile; fileRef = E852D0BF1E6249AF00C5DE01 /* 27.mp3 */; };
		E852D0EE1E6249AF00C5DE01 /* 31.mp3 in Resources */ = {isa = PBXBuildFile; fileRef = E852D0C01E6249AF00C5DE01 /* 31.mp3 */; };
		E852D0EF1E6249AF00C5DE01 /* 40.mp3 in Resources */ = {isa = PBXBuildFile; fileRef = E852D0C11E6249AF00C5DE01 /* 40.mp3 */; };
		E852D0F01E6249AF00C5DE01 /* 41.mp3 in Resources */ = {isa = PBXBuildFile; fileRef = E852D0C21E6249AF00C5DE01 /* 41.mp3 */; };
		E852D0F11E6249AF00C5DE01 /* 51.mp3 in Resources */ = {isa = PBXBuildFile; fileRef = E852D0C31E6249AF00C5DE01 /* 51.mp3 */; };
		E852D0F21E6249AF00C5DE01 /* 61.mp3 in Resources */ = {isa = PBXBuildFile; fileRef = E852D0C41E6249AF00C5DE01 /* 61.mp3 */; };
		E852D0F31E6249AF00C5DE01 /* 70.mp3 in Resources */ = {isa = PBXBuildFile; fileRef = E852D0C51E6249AF00C5DE01 /* 70.mp3 */; };
		E852D0F51E6249AF00C5DE01 /* 71.mp3 in Resources */ = {isa = PBXBuildFile; fileRef = E852D0C71E6249AF00C5DE01 /* 71.mp3 */; };
		E852D0F61E6249AF00C5DE01 /* 72.mp3 in Resources */ = {isa = PBXBuildFile; fileRef = E852D0C81E6249AF00C5DE01 /* 72.mp3 */; };
		E852D0F71E6249AF00C5DE01 /* 73.mp3 in Resources */ = {isa = PBXBuildFile; fileRef = E852D0C91E6249AF00C5DE01 /* 73.mp3 */; };
		E852D0F81E6249AF00C5DE01 /* 78.mp3 in Resources */ = {isa = PBXBuildFile; fileRef = E852D0CA1E6249AF00C5DE01 /* 78.mp3 */; };
		E852D0F91E6249AF00C5DE01 /* 79.mp3 in Resources */ = {isa = PBXBuildFile; fileRef = E852D0CB1E6249AF00C5DE01 /* 79.mp3 */; };
		E852D0FA1E6249AF00C5DE01 /* 80.mp3 in Resources */ = {isa = PBXBuildFile; fileRef = E852D0CC1E6249AF00C5DE01 /* 80.mp3 */; };
		E852D0FB1E6249AF00C5DE01 /* 81.mp3 in Resources */ = {isa = PBXBuildFile; fileRef = E852D0CD1E6249AF00C5DE01 /* 81.mp3 */; };
		E852D0FC1E6249AF00C5DE01 /* 82.mp3 in Resources */ = {isa = PBXBuildFile; fileRef = E852D0CE1E6249AF00C5DE01 /* 82.mp3 */; };
		E852D0FD1E6249AF00C5DE01 /* 85.mp3 in Resources */ = {isa = PBXBuildFile; fileRef = E852D0CF1E6249AF00C5DE01 /* 85.mp3 */; };
		E852D0FE1E6249AF00C5DE01 /* 86.mp3 in Resources */ = {isa = PBXBuildFile; fileRef = E852D0D01E6249AF00C5DE01 /* 86.mp3 */; };
		E852D0FF1E6249AF00C5DE01 /* 90.mp3 in Resources */ = {isa = PBXBuildFile; fileRef = E852D0D11E6249AF00C5DE01 /* 90.mp3 */; };
		E852D1001E6249AF00C5DE01 /* 91.mp3 in Resources */ = {isa = PBXBuildFile; fileRef = E852D0D21E6249AF00C5DE01 /* 91.mp3 */; };
		E852D1011E6249AF00C5DE01 /* 92.mp3 in Resources */ = {isa = PBXBuildFile; fileRef = E852D0D31E6249AF00C5DE01 /* 92.mp3 */; };
		E852D1021E6249AF00C5DE01 /* 93.mp3 in Resources */ = {isa = PBXBuildFile; fileRef = E852D0D41E6249AF00C5DE01 /* 93.mp3 */; };
		E852D1031E6249AF00C5DE01 /* 94.mp3 in Resources */ = {isa = PBXBuildFile; fileRef = E852D0D51E6249AF00C5DE01 /* 94.mp3 */; };
		E852D1041E6249AF00C5DE01 /* 98.mp3 in Resources */ = {isa = PBXBuildFile; fileRef = E852D0D61E6249AF00C5DE01 /* 98.mp3 */; };
		E852D1051E6249AF00C5DE01 /* 99.mp3 in Resources */ = {isa = PBXBuildFile; fileRef = E852D0D71E6249AF00C5DE01 /* 99.mp3 */; };
		E8D97ED21E5EABA700A00425 /* ClassQuestion.swift in Sources */ = {isa = PBXBuildFile; fileRef = E8D97ED11E5EABA700A00425 /* ClassQuestion.swift */; };
		E8D97ED61E5EC37B00A00425 /* TableViewCellQuestionController.swift in Sources */ = {isa = PBXBuildFile; fileRef = E8D97ED51E5EC37B00A00425 /* TableViewCellQuestionController.swift */; };
		E8D97ED81E5ED4B800A00425 /* TableViewCellDetailQuestion.swift in Sources */ = {isa = PBXBuildFile; fileRef = E8D97ED71E5ED4B800A00425 /* TableViewCellDetailQuestion.swift */; };
		E8D97EDA1E5ED90F00A00425 /* TableViewCellQuestionCell.swift in Sources */ = {isa = PBXBuildFile; fileRef = E8D97ED91E5ED90F00A00425 /* TableViewCellQuestionCell.swift */; };
/* End PBXBuildFile section */

/* Begin PBXFileReference section */
		E8385FB31E5920DC0019BB85 /* MisRecetas.app */ = {isa = PBXFileReference; explicitFileType = wrapper.application; includeInIndex = 0; path = MisRecetas.app; sourceTree = BUILT_PRODUCTS_DIR; };
		E8385FB61E5920DC0019BB85 /* AppDelegate.swift */ = {isa = PBXFileReference; lastKnownFileType = sourcecode.swift; path = AppDelegate.swift; sourceTree = "<group>"; };
		E8385FB81E5920DC0019BB85 /* ViewController.swift */ = {isa = PBXFileReference; lastKnownFileType = sourcecode.swift; path = ViewController.swift; sourceTree = "<group>"; };
		E8385FBB1E5920DC0019BB85 /* Base */ = {isa = PBXFileReference; lastKnownFileType = file.storyboard; name = Base; path = Base.lproj/Main.storyboard; sourceTree = "<group>"; };
		E8385FBD1E5920DC0019BB85 /* Assets.xcassets */ = {isa = PBXFileReference; lastKnownFileType = folder.assetcatalog; path = Assets.xcassets; sourceTree = "<group>"; };
		E8385FC01E5920DC0019BB85 /* Base */ = {isa = PBXFileReference; lastKnownFileType = file.storyboard; name = Base; path = Base.lproj/LaunchScreen.storyboard; sourceTree = "<group>"; };
		E8385FC21E5920DC0019BB85 /* Info.plist */ = {isa = PBXFileReference; lastKnownFileType = text.plist.xml; path = Info.plist; sourceTree = "<group>"; };
		E852CF7E1E61F44300C5DE01 /* s1.mp3 */ = {isa = PBXFileReference; lastKnownFileType = audio.mp3; path = s1.mp3; sourceTree = "<group>"; };
		E852CF7F1E61F44300C5DE01 /* s2.mp3 */ = {isa = PBXFileReference; lastKnownFileType = audio.mp3; path = s2.mp3; sourceTree = "<group>"; };
		E852CF801E61F44300C5DE01 /* s3.mp3 */ = {isa = PBXFileReference; lastKnownFileType = audio.mp3; path = s3.mp3; sourceTree = "<group>"; };
		E852CF811E61F44300C5DE01 /* sa1.mp3 */ = {isa = PBXFileReference; lastKnownFileType = audio.mp3; path = sa1.mp3; sourceTree = "<group>"; };
		E852CF821E61F44300C5DE01 /* sa2.mp3 */ = {isa = PBXFileReference; lastKnownFileType = audio.mp3; path = sa2.mp3; sourceTree = "<group>"; };
		E852CF831E61F44300C5DE01 /* sb1.mp3 */ = {isa = PBXFileReference; lastKnownFileType = audio.mp3; path = sb1.mp3; sourceTree = "<group>"; };
		E852CF841E61F44300C5DE01 /* sb2.mp3 */ = {isa = PBXFileReference; lastKnownFileType = audio.mp3; path = sb2.mp3; sourceTree = "<group>"; };
		E852CF851E61F44300C5DE01 /* sb3.mp3 */ = {isa = PBXFileReference; lastKnownFileType = audio.mp3; path = sb3.mp3; sourceTree = "<group>"; };
		E852CF861E61F44300C5DE01 /* sb4.mp3 */ = {isa = PBXFileReference; lastKnownFileType = audio.mp3; path = sb4.mp3; sourceTree = "<group>"; };
		E852CF871E61F44300C5DE01 /* sb5.mp3 */ = {isa = PBXFileReference; lastKnownFileType = audio.mp3; path = sb5.mp3; sourceTree = "<group>"; };
		E852CF881E61F44300C5DE01 /* sc1.mp3 */ = {isa = PBXFileReference; lastKnownFileType = audio.mp3; path = sc1.mp3; sourceTree = "<group>"; };
		E852CF891E61F44300C5DE01 /* sc2.mp3 */ = {isa = PBXFileReference; lastKnownFileType = audio.mp3; path = sc2.mp3; sourceTree = "<group>"; };
		E852CF8A1E61F44300C5DE01 /* sd1.mp3 */ = {isa = PBXFileReference; lastKnownFileType = audio.mp3; path = sd1.mp3; sourceTree = "<group>"; };
		E852CF8B1E61F44300C5DE01 /* sd2.mp3 */ = {isa = PBXFileReference; lastKnownFileType = audio.mp3; path = sd2.mp3; sourceTree = "<group>"; };
		E852CF8C1E61F44300C5DE01 /* sd3.mp3 */ = {isa = PBXFileReference; lastKnownFileType = audio.mp3; path = sd3.mp3; sourceTree = "<group>"; };
		E852CF8D1E61F44300C5DE01 /* sd4.mp3 */ = {isa = PBXFileReference; lastKnownFileType = audio.mp3; path = sd4.mp3; sourceTree = "<group>"; };
		E852CF8E1E61F44300C5DE01 /* sd5.mp3 */ = {isa = PBXFileReference; lastKnownFileType = audio.mp3; path = sd5.mp3; sourceTree = "<group>"; };
		E852CFA01E61F70900C5DE01 /* a1.mp3 */ = {isa = PBXFileReference; lastKnownFileType = audio.mp3; path = a1.mp3; sourceTree = "<group>"; };
		E852CFA11E61F70900C5DE01 /* a2.mp3 */ = {isa = PBXFileReference; lastKnownFileType = audio.mp3; path = a2.mp3; sourceTree = "<group>"; };
		E852CFA21E61F70900C5DE01 /* a3.mp3 */ = {isa = PBXFileReference; lastKnownFileType = audio.mp3; path = a3.mp3; sourceTree = "<group>"; };
		E852CFA31E61F70900C5DE01 /* a4.mp3 */ = {isa = PBXFileReference; lastKnownFileType = audio.mp3; path = a4.mp3; sourceTree = "<group>"; };
		E852CFA41E61F70900C5DE01 /* a5.mp3 */ = {isa = PBXFileReference; lastKnownFileType = audio.mp3; path = a5.mp3; sourceTree = "<group>"; };
		E852CFA51E61F70900C5DE01 /* a6.mp3 */ = {isa = PBXFileReference; lastKnownFileType = audio.mp3; path = a6.mp3; sourceTree = "<group>"; };
		E852CFA61E61F70900C5DE01 /* a7.mp3 */ = {isa = PBXFileReference; lastKnownFileType = audio.mp3; path = a7.mp3; sourceTree = "<group>"; };
		E852CFA71E61F70900C5DE01 /* a8.mp3 */ = {isa = PBXFileReference; lastKnownFileType = audio.mp3; path = a8.mp3; sourceTree = "<group>"; };
		E852CFA81E61F70900C5DE01 /* a9.mp3 */ = {isa = PBXFileReference; lastKnownFileType = audio.mp3; path = a9.mp3; sourceTree = "<group>"; };
		E852CFA91E61F70900C5DE01 /* a10.mp3 */ = {isa = PBXFileReference; lastKnownFileType = audio.mp3; path = a10.mp3; sourceTree = "<group>"; };
		E852CFAA1E61F70900C5DE01 /* a11.mp3 */ = {isa = PBXFileReference; lastKnownFileType = audio.mp3; path = a11.mp3; sourceTree = "<group>"; };
		E852CFAB1E61F70900C5DE01 /* a12.mp3 */ = {isa = PBXFileReference; lastKnownFileType = audio.mp3; path = a12.mp3; sourceTree = "<group>"; };
		E852CFAC1E61F70900C5DE01 /* a13.mp3 */ = {isa = PBXFileReference; lastKnownFileType = audio.mp3; path = a13.mp3; sourceTree = "<group>"; };
		E852CFAD1E61F70900C5DE01 /* a14.mp3 */ = {isa = PBXFileReference; lastKnownFileType = audio.mp3; path = a14.mp3; sourceTree = "<group>"; };
		E852CFAE1E61F70900C5DE01 /* a15.mp3 */ = {isa = PBXFileReference; lastKnownFileType = audio.mp3; path = a15.mp3; sourceTree = "<group>"; };
		E852CFAF1E61F70900C5DE01 /* a16.mp3 */ = {isa = PBXFileReference; lastKnownFileType = audio.mp3; path = a16.mp3; sourceTree = "<group>"; };
		E852CFB01E61F70900C5DE01 /* a17.mp3 */ = {isa = PBXFileReference; lastKnownFileType = audio.mp3; path = a17.mp3; sourceTree = "<group>"; };
		E852CFB11E61F70900C5DE01 /* a18.mp3 */ = {isa = PBXFileReference; lastKnownFileType = audio.mp3; path = a18.mp3; sourceTree = "<group>"; };
		E852CFB21E61F70900C5DE01 /* a19.mp3 */ = {isa = PBXFileReference; lastKnownFileType = audio.mp3; path = a19.mp3; sourceTree = "<group>"; };
		E852CFC61E620D4C00C5DE01 /* x1.mp3 */ = {isa = PBXFileReference; lastKnownFileType = audio.mp3; path = x1.mp3; sourceTree = "<group>"; };
		E852CFC71E620D4C00C5DE01 /* x2.mp3 */ = {isa = PBXFileReference; lastKnownFileType = audio.mp3; path = x2.mp3; sourceTree = "<group>"; };
		E852CFC81E620D4C00C5DE01 /* x3.mp3 */ = {isa = PBXFileReference; lastKnownFileType = audio.mp3; path = x3.mp3; sourceTree = "<group>"; };
		E852CFC91E620D4C00C5DE01 /* x4.mp3 */ = {isa = PBXFileReference; lastKnownFileType = audio.mp3; path = x4.mp3; sourceTree = "<group>"; };
		E852CFCA1E620D4C00C5DE01 /* x5.mp3 */ = {isa = PBXFileReference; lastKnownFileType = audio.mp3; path = x5.mp3; sourceTree = "<group>"; };
		E852CFCB1E620D4C00C5DE01 /* x6.mp3 */ = {isa = PBXFileReference; lastKnownFileType = audio.mp3; path = x6.mp3; sourceTree = "<group>"; };
		E852CFCC1E620D4C00C5DE01 /* x7.mp3 */ = {isa = PBXFileReference; lastKnownFileType = audio.mp3; path = x7.mp3; sourceTree = "<group>"; };
		E852CFCD1E620D4C00C5DE01 /* x8.mp3 */ = {isa = PBXFileReference; lastKnownFileType = audio.mp3; path = x8.mp3; sourceTree = "<group>"; };
		E852CFCE1E620D4C00C5DE01 /* x9.mp3 */ = {isa = PBXFileReference; lastKnownFileType = audio.mp3; path = x9.mp3; sourceTree = "<group>"; };
		E852CFCF1E620D4C00C5DE01 /* x10.mp3 */ = {isa = PBXFileReference; lastKnownFileType = audio.mp3; path = x10.mp3; sourceTree = "<group>"; };
		E852CFD01E620D4C00C5DE01 /* x11.mp3 */ = {isa = PBXFileReference; lastKnownFileType = audio.mp3; path = x11.mp3; sourceTree = "<group>"; };
		E852CFD11E620D4C00C5DE01 /* x12.mp3 */ = {isa = PBXFileReference; lastKnownFileType = audio.mp3; path = x12.mp3; sourceTree = "<group>"; };
		E852CFD21E620D4C00C5DE01 /* x13.mp3 */ = {isa = PBXFileReference; lastKnownFileType = audio.mp3; path = x13.mp3; sourceTree = "<group>"; };
		E852CFD31E620D4C00C5DE01 /* x14.mp3 */ = {isa = PBXFileReference; lastKnownFileType = audio.mp3; path = x14.mp3; sourceTree = "<group>"; };
		E852CFD41E620D4C00C5DE01 /* x15.mp3 */ = {isa = PBXFileReference; lastKnownFileType = audio.mp3; path = x15.mp3; sourceTree = "<group>"; };
		E852CFD51E620D4C00C5DE01 /* x16.mp3 */ = {isa = PBXFileReference; lastKnownFileType = audio.mp3; path = x16.mp3; sourceTree = "<group>"; };
		E852CFD61E620D4C00C5DE01 /* x17.mp3 */ = {isa = PBXFileReference; lastKnownFileType = audio.mp3; path = x17.mp3; sourceTree = "<group>"; };
		E852CFD71E620D4C00C5DE01 /* x18.mp3 */ = {isa = PBXFileReference; lastKnownFileType = audio.mp3; path = x18.mp3; sourceTree = "<group>"; };
		E852CFD81E620D4C00C5DE01 /* x19.mp3 */ = {isa = PBXFileReference; lastKnownFileType = audio.mp3; path = x19.mp3; sourceTree = "<group>"; };
		E852CFD91E620D4C00C5DE01 /* x20.mp3 */ = {isa = PBXFileReference; lastKnownFileType = audio.mp3; path = x20.mp3; sourceTree = "<group>"; };
		E852CFDA1E620D4C00C5DE01 /* x21.mp3 */ = {isa = PBXFileReference; lastKnownFileType = audio.mp3; path = x21.mp3; sourceTree = "<group>"; };
		E852CFDB1E620D4C00C5DE01 /* x22.mp3 */ = {isa = PBXFileReference; lastKnownFileType = audio.mp3; path = x22.mp3; sourceTree = "<group>"; };
		E852CFDC1E620D4C00C5DE01 /* x23.mp3 */ = {isa = PBXFileReference; lastKnownFileType = audio.mp3; path = x23.mp3; sourceTree = "<group>"; };
		E852CFDD1E620D4C00C5DE01 /* x24.mp3 */ = {isa = PBXFileReference; lastKnownFileType = audio.mp3; path = x24.mp3; sourceTree = "<group>"; };
		E852CFDE1E620D4C00C5DE01 /* x25.mp3 */ = {isa = PBXFileReference; lastKnownFileType = audio.mp3; path = x25.mp3; sourceTree = "<group>"; };
		E852CFDF1E620D4C00C5DE01 /* x26.mp3 */ = {isa = PBXFileReference; lastKnownFileType = audio.mp3; path = x26.mp3; sourceTree = "<group>"; };
		E852CFFA1E62140A00C5DE01 /* pr1.mp3 */ = {isa = PBXFileReference; lastKnownFileType = audio.mp3; path = pr1.mp3; sourceTree = "<group>"; };
		E852CFFB1E62140A00C5DE01 /* pr2.mp3 */ = {isa = PBXFileReference; lastKnownFileType = audio.mp3; path = pr2.mp3; sourceTree = "<group>"; };
		E852CFFC1E62140A00C5DE01 /* pr3.mp3 */ = {isa = PBXFileReference; lastKnownFileType = audio.mp3; path = pr3.mp3; sourceTree = "<group>"; };
		E852CFFD1E62140A00C5DE01 /* pr4.mp3 */ = {isa = PBXFileReference; lastKnownFileType = audio.mp3; path = pr4.mp3; sourceTree = "<group>"; };
		E852CFFE1E62140A00C5DE01 /* pr5.mp3 */ = {isa = PBXFileReference; lastKnownFileType = audio.mp3; path = pr5.mp3; sourceTree = "<group>"; };
		E852CFFF1E62140A00C5DE01 /* pr6.mp3 */ = {isa = PBXFileReference; lastKnownFileType = audio.mp3; path = pr6.mp3; sourceTree = "<group>"; };
		E852D0001E62140A00C5DE01 /* pr7.mp3 */ = {isa = PBXFileReference; lastKnownFileType = audio.mp3; path = pr7.mp3; sourceTree = "<group>"; };
		E852D0011E62140A00C5DE01 /* pr8.mp3 */ = {isa = PBXFileReference; lastKnownFileType = audio.mp3; path = pr8.mp3; sourceTree = "<group>"; };
		E852D0021E62140A00C5DE01 /* pt1.mp3 */ = {isa = PBXFileReference; lastKnownFileType = audio.mp3; path = pt1.mp3; sourceTree = "<group>"; };
		E852D0031E62140A00C5DE01 /* pt2.mp3 */ = {isa = PBXFileReference; lastKnownFileType = audio.mp3; path = pt2.mp3; sourceTree = "<group>"; };
		E852D0041E62140A00C5DE01 /* pt3.mp3 */ = {isa = PBXFileReference; lastKnownFileType = audio.mp3; path = pt3.mp3; sourceTree = "<group>"; };
		E852D0051E62140A00C5DE01 /* pt4.mp3 */ = {isa = PBXFileReference; lastKnownFileType = audio.mp3; path = pt4.mp3; sourceTree = "<group>"; };
		E852D0121E62147100C5DE01 /* pr0.mp3 */ = {isa = PBXFileReference; lastKnownFileType = audio.mp3; path = pr0.mp3; sourceTree = "<group>"; };
		E852D0141E62272200C5DE01 /* i1.mp3 */ = {isa = PBXFileReference; lastKnownFileType = audio.mp3; path = i1.mp3; sourceTree = "<group>"; };
		E852D0151E62272200C5DE01 /* i2.mp3 */ = {isa = PBXFileReference; lastKnownFileType = audio.mp3; path = i2.mp3; sourceTree = "<group>"; };
		E852D0161E62272200C5DE01 /* i3.mp3 */ = {isa = PBXFileReference; lastKnownFileType = audio.mp3; path = i3.mp3; sourceTree = "<group>"; };
		E852D0171E62272200C5DE01 /* i4.mp3 */ = {isa = PBXFileReference; lastKnownFileType = audio.mp3; path = i4.mp3; sourceTree = "<group>"; };
		E852D0181E62272200C5DE01 /* i5.mp3 */ = {isa = PBXFileReference; lastKnownFileType = audio.mp3; path = i5.mp3; sourceTree = "<group>"; };
		E852D0191E62272200C5DE01 /* i6.mp3 */ = {isa = PBXFileReference; lastKnownFileType = audio.mp3; path = i6.mp3; sourceTree = "<group>"; };
		E852D01A1E62272200C5DE01 /* i7.mp3 */ = {isa = PBXFileReference; lastKnownFileType = audio.mp3; path = i7.mp3; sourceTree = "<group>"; };
		E852D01B1E62272200C5DE01 /* i8.mp3 */ = {isa = PBXFileReference; lastKnownFileType = audio.mp3; path = i8.mp3; sourceTree = "<group>"; };
		E852D01C1E62272200C5DE01 /* j1.mp3 */ = {isa = PBXFileReference; lastKnownFileType = audio.mp3; path = j1.mp3; sourceTree = "<group>"; };
		E852D01D1E62272200C5DE01 /* j2.mp3 */ = {isa = PBXFileReference; lastKnownFileType = audio.mp3; path = j2.mp3; sourceTree = "<group>"; };
		E852D01E1E62272200C5DE01 /* j3.mp3 */ = {isa = PBXFileReference; lastKnownFileType = audio.mp3; path = j3.mp3; sourceTree = "<group>"; };
		E852D01F1E62272200C5DE01 /* j4.mp3 */ = {isa = PBXFileReference; lastKnownFileType = audio.mp3; path = j4.mp3; sourceTree = "<group>"; };
		E852D0201E62272200C5DE01 /* j5.mp3 */ = {isa = PBXFileReference; lastKnownFileType = audio.mp3; path = j5.mp3; sourceTree = "<group>"; };
		E852D0211E62272200C5DE01 /* j6.mp3 */ = {isa = PBXFileReference; lastKnownFileType = audio.mp3; path = j6.mp3; sourceTree = "<group>"; };
		E852D0221E62272200C5DE01 /* j7.mp3 */ = {isa = PBXFileReference; lastKnownFileType = audio.mp3; path = j7.mp3; sourceTree = "<group>"; };
		E852D0231E62272200C5DE01 /* j8.mp3 */ = {isa = PBXFileReference; lastKnownFileType = audio.mp3; path = j8.mp3; sourceTree = "<group>"; };
		E852D0241E62272200C5DE01 /* j9.mp3 */ = {isa = PBXFileReference; lastKnownFileType = audio.mp3; path = j9.mp3; sourceTree = "<group>"; };
		E852D0251E62272200C5DE01 /* j10.mp3 */ = {isa = PBXFileReference; lastKnownFileType = audio.mp3; path = j10.mp3; sourceTree = "<group>"; };
		E852D0261E62272200C5DE01 /* j11.mp3 */ = {isa = PBXFileReference; lastKnownFileType = audio.mp3; path = j11.mp3; sourceTree = "<group>"; };
		E852D03A1E62369900C5DE01 /* v1.mp3 */ = {isa = PBXFileReference; lastKnownFileType = audio.mp3; path = v1.mp3; sourceTree = "<group>"; };
		E852D03B1E62369900C5DE01 /* v2.mp3 */ = {isa = PBXFileReference; lastKnownFileType = audio.mp3; path = v2.mp3; sourceTree = "<group>"; };
		E852D03C1E62369900C5DE01 /* v3.mp3 */ = {isa = PBXFileReference; lastKnownFileType = audio.mp3; path = v3.mp3; sourceTree = "<group>"; };
		E852D03D1E62369900C5DE01 /* v4.mp3 */ = {isa = PBXFileReference; lastKnownFileType = audio.mp3; path = v4.mp3; sourceTree = "<group>"; };
		E852D03E1E62369900C5DE01 /* v5.mp3 */ = {isa = PBXFileReference; lastKnownFileType = audio.mp3; path = v5.mp3; sourceTree = "<group>"; };
		E852D03F1E62369900C5DE01 /* v6.mp3 */ = {isa = PBXFileReference; lastKnownFileType = audio.mp3; path = v6.mp3; sourceTree = "<group>"; };
		E852D0401E62369900C5DE01 /* v7.mp3 */ = {isa = PBXFileReference; lastKnownFileType = audio.mp3; path = v7.mp3; sourceTree = "<group>"; };
		E852D0411E62369900C5DE01 /* v8.mp3 */ = {isa = PBXFileReference; lastKnownFileType = audio.mp3; path = v8.mp3; sourceTree = "<group>"; };
		E852D0421E62369900C5DE01 /* v9.mp3 */ = {isa = PBXFileReference; lastKnownFileType = audio.mp3; path = v9.mp3; sourceTree = "<group>"; };
		E852D0431E62369900C5DE01 /* v10.mp3 */ = {isa = PBXFileReference; lastKnownFileType = audio.mp3; path = v10.mp3; sourceTree = "<group>"; };
		E852D0AA1E6249AF00C5DE01 /* 0.mp3 */ = {isa = PBXFileReference; lastKnownFileType = audio.mp3; path = 0.mp3; sourceTree = "<group>"; };
		E852D0AB1E6249AF00C5DE01 /* 1.mp3 */ = {isa = PBXFileReference; lastKnownFileType = audio.mp3; path = 1.mp3; sourceTree = "<group>"; };
		E852D0AC1E6249AF00C5DE01 /* 2.mp3 */ = {isa = PBXFileReference; lastKnownFileType = audio.mp3; path = 2.mp3; sourceTree = "<group>"; };
		E852D0AD1E6249AF00C5DE01 /* 3.mp3 */ = {isa = PBXFileReference; lastKnownFileType = audio.mp3; path = 3.mp3; sourceTree = "<group>"; };
		E852D0AE1E6249AF00C5DE01 /* 4.mp3 */ = {isa = PBXFileReference; lastKnownFileType = audio.mp3; path = 4.mp3; sourceTree = "<group>"; };
		E852D0AF1E6249AF00C5DE01 /* 5.mp3 */ = {isa = PBXFileReference; lastKnownFileType = audio.mp3; path = 5.mp3; sourceTree = "<group>"; };
		E852D0B01E6249AF00C5DE01 /* 6.mp3 */ = {isa = PBXFileReference; lastKnownFileType = audio.mp3; path = 6.mp3; sourceTree = "<group>"; };
		E852D0B11E6249AF00C5DE01 /* 7.mp3 */ = {isa = PBXFileReference; lastKnownFileType = audio.mp3; path = 7.mp3; sourceTree = "<group>"; };
		E852D0B21E6249AF00C5DE01 /* 8.mp3 */ = {isa = PBXFileReference; lastKnownFileType = audio.mp3; path = 8.mp3; sourceTree = "<group>"; };
		E852D0B31E6249AF00C5DE01 /* 9.mp3 */ = {isa = PBXFileReference; lastKnownFileType = audio.mp3; path = 9.mp3; sourceTree = "<group>"; };
		E852D0B41E6249AF00C5DE01 /* 10.mp3 */ = {isa = PBXFileReference; lastKnownFileType = audio.mp3; path = 10.mp3; sourceTree = "<group>"; };
		E852D0B51E6249AF00C5DE01 /* 11.mp3 */ = {isa = PBXFileReference; lastKnownFileType = audio.mp3; path = 11.mp3; sourceTree = "<group>"; };
		E852D0B61E6249AF00C5DE01 /* 12.mp3 */ = {isa = PBXFileReference; lastKnownFileType = audio.mp3; path = 12.mp3; sourceTree = "<group>"; };
		E852D0B71E6249AF00C5DE01 /* 13.mp3 */ = {isa = PBXFileReference; lastKnownFileType = audio.mp3; path = 13.mp3; sourceTree = "<group>"; };
		E852D0B81E6249AF00C5DE01 /* 14.mp3 */ = {isa = PBXFileReference; lastKnownFileType = audio.mp3; path = 14.mp3; sourceTree = "<group>"; };
		E852D0B91E6249AF00C5DE01 /* 15.mp3 */ = {isa = PBXFileReference; lastKnownFileType = audio.mp3; path = 15.mp3; sourceTree = "<group>"; };
		E852D0BA1E6249AF00C5DE01 /* 16.mp3 */ = {isa = PBXFileReference; lastKnownFileType = audio.mp3; path = 16.mp3; sourceTree = "<group>"; };
		E852D0BB1E6249AF00C5DE01 /* 17.mp3 */ = {isa = PBXFileReference; lastKnownFileType = audio.mp3; path = 17.mp3; sourceTree = "<group>"; };
		E852D0BC1E6249AF00C5DE01 /* 18.mp3 */ = {isa = PBXFileReference; lastKnownFileType = audio.mp3; path = 18.mp3; sourceTree = "<group>"; };
		E852D0BD1E6249AF00C5DE01 /* 19.mp3 */ = {isa = PBXFileReference; lastKnownFileType = audio.mp3; path = 19.mp3; sourceTree = "<group>"; };
		E852D0BE1E6249AF00C5DE01 /* 21.mp3 */ = {isa = PBXFileReference; lastKnownFileType = audio.mp3; path = 21.mp3; sourceTree = "<group>"; };
		E852D0BF1E6249AF00C5DE01 /* 27.mp3 */ = {isa = PBXFileReference; lastKnownFileType = audio.mp3; path = 27.mp3; sourceTree = "<group>"; };
		E852D0C01E6249AF00C5DE01 /* 31.mp3 */ = {isa = PBXFileReference; lastKnownFileType = audio.mp3; path = 31.mp3; sourceTree = "<group>"; };
		E852D0C11E6249AF00C5DE01 /* 40.mp3 */ = {isa = PBXFileReference; lastKnownFileType = audio.mp3; path = 40.mp3; sourceTree = "<group>"; };
		E852D0C21E6249AF00C5DE01 /* 41.mp3 */ = {isa = PBXFileReference; lastKnownFileType = audio.mp3; path = 41.mp3; sourceTree = "<group>"; };
		E852D0C31E6249AF00C5DE01 /* 51.mp3 */ = {isa = PBXFileReference; lastKnownFileType = audio.mp3; path = 51.mp3; sourceTree = "<group>"; };
		E852D0C41E6249AF00C5DE01 /* 61.mp3 */ = {isa = PBXFileReference; lastKnownFileType = audio.mp3; path = 61.mp3; sourceTree = "<group>"; };
		E852D0C51E6249AF00C5DE01 /* 70.mp3 */ = {isa = PBXFileReference; lastKnownFileType = audio.mp3; path = 70.mp3; sourceTree = "<group>"; };
		E852D0C71E6249AF00C5DE01 /* 71.mp3 */ = {isa = PBXFileReference; lastKnownFileType = audio.mp3; path = 71.mp3; sourceTree = "<group>"; };
		E852D0C81E6249AF00C5DE01 /* 72.mp3 */ = {isa = PBXFileReference; lastKnownFileType = audio.mp3; path = 72.mp3; sourceTree = "<group>"; };
		E852D0C91E6249AF00C5DE01 /* 73.mp3 */ = {isa = PBXFileReference; lastKnownFileType = audio.mp3; path = 73.mp3; sourceTree = "<group>"; };
		E852D0CA1E6249AF00C5DE01 /* 78.mp3 */ = {isa = PBXFileReference; lastKnownFileType = audio.mp3; path = 78.mp3; sourceTree = "<group>"; };
		E852D0CB1E6249AF00C5DE01 /* 79.mp3 */ = {isa = PBXFileReference; lastKnownFileType = audio.mp3; path = 79.mp3; sourceTree = "<group>"; };
		E852D0CC1E6249AF00C5DE01 /* 80.mp3 */ = {isa = PBXFileReference; lastKnownFileType = audio.mp3; path = 80.mp3; sourceTree = "<group>"; };
		E852D0CD1E6249AF00C5DE01 /* 81.mp3 */ = {isa = PBXFileReference; lastKnownFileType = audio.mp3; path = 81.mp3; sourceTree = "<group>"; };
		E852D0CE1E6249AF00C5DE01 /* 82.mp3 */ = {isa = PBXFileReference; lastKnownFileType = audio.mp3; path = 82.mp3; sourceTree = "<group>"; };
		E852D0CF1E6249AF00C5DE01 /* 85.mp3 */ = {isa = PBXFileReference; lastKnownFileType = audio.mp3; path = 85.mp3; sourceTree = "<group>"; };
		E852D0D01E6249AF00C5DE01 /* 86.mp3 */ = {isa = PBXFileReference; lastKnownFileType = audio.mp3; path = 86.mp3; sourceTree = "<group>"; };
		E852D0D11E6249AF00C5DE01 /* 90.mp3 */ = {isa = PBXFileReference; lastKnownFileType = audio.mp3; path = 90.mp3; sourceTree = "<group>"; };
		E852D0D21E6249AF00C5DE01 /* 91.mp3 */ = {isa = PBXFileReference; lastKnownFileType = audio.mp3; path = 91.mp3; sourceTree = "<group>"; };
		E852D0D31E6249AF00C5DE01 /* 92.mp3 */ = {isa = PBXFileReference; lastKnownFileType = audio.mp3; path = 92.mp3; sourceTree = "<group>"; };
		E852D0D41E6249AF00C5DE01 /* 93.mp3 */ = {isa = PBXFileReference; lastKnownFileType = audio.mp3; path = 93.mp3; sourceTree = "<group>"; };
		E852D0D51E6249AF00C5DE01 /* 94.mp3 */ = {isa = PBXFileReference; lastKnownFileType = audio.mp3; path = 94.mp3; sourceTree = "<group>"; };
		E852D0D61E6249AF00C5DE01 /* 98.mp3 */ = {isa = PBXFileReference; lastKnownFileType = audio.mp3; path = 98.mp3; sourceTree = "<group>"; };
		E852D0D71E6249AF00C5DE01 /* 99.mp3 */ = {isa = PBXFileReference; lastKnownFileType = audio.mp3; path = 99.mp3; sourceTree = "<group>"; };
		E8D97ED11E5EABA700A00425 /* ClassQuestion.swift */ = {isa = PBXFileReference; fileEncoding = 4; lastKnownFileType = sourcecode.swift; name = ClassQuestion.swift; path = ../ClassQuestion.swift; sourceTree = "<group>"; };
		E8D97ED51E5EC37B00A00425 /* TableViewCellQuestionController.swift */ = {isa = PBXFileReference; fileEncoding = 4; lastKnownFileType = sourcecode.swift; path = TableViewCellQuestionController.swift; sourceTree = "<group>"; };
		E8D97ED71E5ED4B800A00425 /* TableViewCellDetailQuestion.swift */ = {isa = PBXFileReference; fileEncoding = 4; lastKnownFileType = sourcecode.swift; path = TableViewCellDetailQuestion.swift; sourceTree = "<group>"; };
		E8D97ED91E5ED90F00A00425 /* TableViewCellQuestionCell.swift */ = {isa = PBXFileReference; fileEncoding = 4; lastKnownFileType = sourcecode.swift; path = TableViewCellQuestionCell.swift; sourceTree = "<group>"; };
/* End PBXFileReference section */

/* Begin PBXFrameworksBuildPhase section */
		E8385FB01E5920DC0019BB85 /* Frameworks */ = {
			isa = PBXFrameworksBuildPhase;
			buildActionMask = 2147483647;
			files = (
			);
			runOnlyForDeploymentPostprocessing = 0;
		};
/* End PBXFrameworksBuildPhase section */

/* Begin PBXGroup section */
		E8385FAA1E5920DC0019BB85 = {
			isa = PBXGroup;
			children = (
				E8385FB51E5920DC0019BB85 /* MisRecetas */,
				E8385FB41E5920DC0019BB85 /* Products */,
			);
			sourceTree = "<group>";
		};
		E8385FB41E5920DC0019BB85 /* Products */ = {
			isa = PBXGroup;
			children = (
				E8385FB31E5920DC0019BB85 /* MisRecetas.app */,
			);
			name = Products;
			sourceTree = "<group>";
		};
		E8385FB51E5920DC0019BB85 /* MisRecetas */ = {
			isa = PBXGroup;
			children = (
				E852D0AA1E6249AF00C5DE01 /* 0.mp3 */,
				E852D0AB1E6249AF00C5DE01 /* 1.mp3 */,
				E852D0AC1E6249AF00C5DE01 /* 2.mp3 */,
				E852D0AD1E6249AF00C5DE01 /* 3.mp3 */,
				E852D0AE1E6249AF00C5DE01 /* 4.mp3 */,
				E852D0AF1E6249AF00C5DE01 /* 5.mp3 */,
				E852D0B01E6249AF00C5DE01 /* 6.mp3 */,
				E852D0B11E6249AF00C5DE01 /* 7.mp3 */,
				E852D0B21E6249AF00C5DE01 /* 8.mp3 */,
				E852D0B31E6249AF00C5DE01 /* 9.mp3 */,
				E852D0B41E6249AF00C5DE01 /* 10.mp3 */,
				E852D0B51E6249AF00C5DE01 /* 11.mp3 */,
				E852D0B61E6249AF00C5DE01 /* 12.mp3 */,
				E852D0B71E6249AF00C5DE01 /* 13.mp3 */,
				E852D0B81E6249AF00C5DE01 /* 14.mp3 */,
				E852D0B91E6249AF00C5DE01 /* 15.mp3 */,
				E852D0BA1E6249AF00C5DE01 /* 16.mp3 */,
				E852D0BB1E6249AF00C5DE01 /* 17.mp3 */,
				E852D0BC1E6249AF00C5DE01 /* 18.mp3 */,
				E852D0BD1E6249AF00C5DE01 /* 19.mp3 */,
				E852D0BE1E6249AF00C5DE01 /* 21.mp3 */,
				E852D0BF1E6249AF00C5DE01 /* 27.mp3 */,
				E852D0C01E6249AF00C5DE01 /* 31.mp3 */,
				E852D0C11E6249AF00C5DE01 /* 40.mp3 */,
				E852D0C21E6249AF00C5DE01 /* 41.mp3 */,
				E852D0C31E6249AF00C5DE01 /* 51.mp3 */,
				E852D0C41E6249AF00C5DE01 /* 61.mp3 */,
				E852D0C51E6249AF00C5DE01 /* 70.mp3 */,
				E852D0C71E6249AF00C5DE01 /* 71.mp3 */,
				E852D0C81E6249AF00C5DE01 /* 72.mp3 */,
				E852D0C91E6249AF00C5DE01 /* 73.mp3 */,
				E852D0CA1E6249AF00C5DE01 /* 78.mp3 */,
				E852D0CB1E6249AF00C5DE01 /* 79.mp3 */,
				E852D0CC1E6249AF00C5DE01 /* 80.mp3 */,
				E852D0CD1E6249AF00C5DE01 /* 81.mp3 */,
				E852D0CE1E6249AF00C5DE01 /* 82.mp3 */,
				E852D0CF1E6249AF00C5DE01 /* 85.mp3 */,
				E852D0D01E6249AF00C5DE01 /* 86.mp3 */,
				E852D0D11E6249AF00C5DE01 /* 90.mp3 */,
				E852D0D21E6249AF00C5DE01 /* 91.mp3 */,
				E852D0D31E6249AF00C5DE01 /* 92.mp3 */,
				E852D0D41E6249AF00C5DE01 /* 93.mp3 */,
				E852D0D51E6249AF00C5DE01 /* 94.mp3 */,
				E852D0D61E6249AF00C5DE01 /* 98.mp3 */,
				E852D0D71E6249AF00C5DE01 /* 99.mp3 */,
				E852D03A1E62369900C5DE01 /* v1.mp3 */,
				E852D03B1E62369900C5DE01 /* v2.mp3 */,
				E852D03C1E62369900C5DE01 /* v3.mp3 */,
				E852D03D1E62369900C5DE01 /* v4.mp3 */,
				E852D03E1E62369900C5DE01 /* v5.mp3 */,
				E852D03F1E62369900C5DE01 /* v6.mp3 */,
				E852D0401E62369900C5DE01 /* v7.mp3 */,
				E852D0411E62369900C5DE01 /* v8.mp3 */,
				E852D0421E62369900C5DE01 /* v9.mp3 */,
				E852D0431E62369900C5DE01 /* v10.mp3 */,
				E852D0141E62272200C5DE01 /* i1.mp3 */,
				E852D0151E62272200C5DE01 /* i2.mp3 */,
				E852D0161E62272200C5DE01 /* i3.mp3 */,
				E852D0171E62272200C5DE01 /* i4.mp3 */,
				E852D0181E62272200C5DE01 /* i5.mp3 */,
				E852D0191E62272200C5DE01 /* i6.mp3 */,
				E852D01A1E62272200C5DE01 /* i7.mp3 */,
				E852D01B1E62272200C5DE01 /* i8.mp3 */,
				E852D01C1E62272200C5DE01 /* j1.mp3 */,
				E852D01D1E62272200C5DE01 /* j2.mp3 */,
				E852D01E1E62272200C5DE01 /* j3.mp3 */,
				E852D01F1E62272200C5DE01 /* j4.mp3 */,
				E852D0201E62272200C5DE01 /* j5.mp3 */,
				E852D0211E62272200C5DE01 /* j6.mp3 */,
				E852D0221E62272200C5DE01 /* j7.mp3 */,
				E852D0231E62272200C5DE01 /* j8.mp3 */,
				E852D0241E62272200C5DE01 /* j9.mp3 */,
				E852D0251E62272200C5DE01 /* j10.mp3 */,
				E852D0261E62272200C5DE01 /* j11.mp3 */,
				E852D0121E62147100C5DE01 /* pr0.mp3 */,
				E852CFFA1E62140A00C5DE01 /* pr1.mp3 */,
				E852CFFB1E62140A00C5DE01 /* pr2.mp3 */,
				E852CFFC1E62140A00C5DE01 /* pr3.mp3 */,
				E852CFFD1E62140A00C5DE01 /* pr4.mp3 */,
				E852CFFE1E62140A00C5DE01 /* pr5.mp3 */,
				E852CFFF1E62140A00C5DE01 /* pr6.mp3 */,
				E852D0001E62140A00C5DE01 /* pr7.mp3 */,
				E852D0011E62140A00C5DE01 /* pr8.mp3 */,
				E852D0021E62140A00C5DE01 /* pt1.mp3 */,
				E852D0031E62140A00C5DE01 /* pt2.mp3 */,
				E852D0041E62140A00C5DE01 /* pt3.mp3 */,
				E852D0051E62140A00C5DE01 /* pt4.mp3 */,
				E852CFC61E620D4C00C5DE01 /* x1.mp3 */,
				E852CFC71E620D4C00C5DE01 /* x2.mp3 */,
				E852CFC81E620D4C00C5DE01 /* x3.mp3 */,
				E852CFC91E620D4C00C5DE01 /* x4.mp3 */,
				E852CFCA1E620D4C00C5DE01 /* x5.mp3 */,
				E852CFCB1E620D4C00C5DE01 /* x6.mp3 */,
				E852CFCC1E620D4C00C5DE01 /* x7.mp3 */,
				E852CFCD1E620D4C00C5DE01 /* x8.mp3 */,
				E852CFCE1E620D4C00C5DE01 /* x9.mp3 */,
				E852CFCF1E620D4C00C5DE01 /* x10.mp3 */,
				E852CFD01E620D4C00C5DE01 /* x11.mp3 */,
				E852CFD11E620D4C00C5DE01 /* x12.mp3 */,
				E852CFD21E620D4C00C5DE01 /* x13.mp3 */,
				E852CFD31E620D4C00C5DE01 /* x14.mp3 */,
				E852CFD41E620D4C00C5DE01 /* x15.mp3 */,
				E852CFD51E620D4C00C5DE01 /* x16.mp3 */,
				E852CFD61E620D4C00C5DE01 /* x17.mp3 */,
				E852CFD71E620D4C00C5DE01 /* x18.mp3 */,
				E852CFD81E620D4C00C5DE01 /* x19.mp3 */,
				E852CFD91E620D4C00C5DE01 /* x20.mp3 */,
				E852CFDA1E620D4C00C5DE01 /* x21.mp3 */,
				E852CFDB1E620D4C00C5DE01 /* x22.mp3 */,
				E852CFDC1E620D4C00C5DE01 /* x23.mp3 */,
				E852CFDD1E620D4C00C5DE01 /* x24.mp3 */,
				E852CFDE1E620D4C00C5DE01 /* x25.mp3 */,
				E852CFDF1E620D4C00C5DE01 /* x26.mp3 */,
				E852CFA01E61F70900C5DE01 /* a1.mp3 */,
				E852CFA11E61F70900C5DE01 /* a2.mp3 */,
				E852CFA21E61F70900C5DE01 /* a3.mp3 */,
				E852CFA31E61F70900C5DE01 /* a4.mp3 */,
				E852CFA41E61F70900C5DE01 /* a5.mp3 */,
				E852CFA51E61F70900C5DE01 /* a6.mp3 */,
				E852CFA61E61F70900C5DE01 /* a7.mp3 */,
				E852CFA71E61F70900C5DE01 /* a8.mp3 */,
				E852CFA81E61F70900C5DE01 /* a9.mp3 */,
				E852CFA91E61F70900C5DE01 /* a10.mp3 */,
				E852CFAA1E61F70900C5DE01 /* a11.mp3 */,
				E852CFAB1E61F70900C5DE01 /* a12.mp3 */,
				E852CFAC1E61F70900C5DE01 /* a13.mp3 */,
				E852CFAD1E61F70900C5DE01 /* a14.mp3 */,
				E852CFAE1E61F70900C5DE01 /* a15.mp3 */,
				E852CFAF1E61F70900C5DE01 /* a16.mp3 */,
				E852CFB01E61F70900C5DE01 /* a17.mp3 */,
				E852CFB11E61F70900C5DE01 /* a18.mp3 */,
				E852CFB21E61F70900C5DE01 /* a19.mp3 */,
				E852CF7E1E61F44300C5DE01 /* s1.mp3 */,
				E852CF7F1E61F44300C5DE01 /* s2.mp3 */,
				E852CF801E61F44300C5DE01 /* s3.mp3 */,
				E852CF811E61F44300C5DE01 /* sa1.mp3 */,
				E852CF821E61F44300C5DE01 /* sa2.mp3 */,
				E852CF831E61F44300C5DE01 /* sb1.mp3 */,
				E852CF841E61F44300C5DE01 /* sb2.mp3 */,
				E852CF851E61F44300C5DE01 /* sb3.mp3 */,
				E852CF861E61F44300C5DE01 /* sb4.mp3 */,
				E852CF871E61F44300C5DE01 /* sb5.mp3 */,
				E852CF881E61F44300C5DE01 /* sc1.mp3 */,
				E852CF891E61F44300C5DE01 /* sc2.mp3 */,
				E852CF8A1E61F44300C5DE01 /* sd1.mp3 */,
				E852CF8B1E61F44300C5DE01 /* sd2.mp3 */,
				E852CF8C1E61F44300C5DE01 /* sd3.mp3 */,
				E852CF8D1E61F44300C5DE01 /* sd4.mp3 */,
				E852CF8E1E61F44300C5DE01 /* sd5.mp3 */,
				E8D97ED71E5ED4B800A00425 /* TableViewCellDetailQuestion.swift */,
				E8D97ED51E5EC37B00A00425 /* TableViewCellQuestionController.swift */,
				E8D97ED91E5ED90F00A00425 /* TableViewCellQuestionCell.swift */,
				E8385FB81E5920DC0019BB85 /* ViewController.swift */,
				E8D97ED11E5EABA700A00425 /* ClassQuestion.swift */,
				E8385FBA1E5920DC0019BB85 /* Main.storyboard */,
				E8385FBD1E5920DC0019BB85 /* Assets.xcassets */,
				E8385FBF1E5920DC0019BB85 /* LaunchScreen.storyboard */,
				E8385FC21E5920DC0019BB85 /* Info.plist */,
				E8385FB61E5920DC0019BB85 /* AppDelegate.swift */,
			);
			path = MisRecetas;
			sourceTree = "<group>";
		};
/* End PBXGroup section */

/* Begin PBXNativeTarget section */
		E8385FB21E5920DC0019BB85 /* MisRecetas */ = {
			isa = PBXNativeTarget;
			buildConfigurationList = E8385FC51E5920DC0019BB85 /* Build configuration list for PBXNativeTarget "MisRecetas" */;
			buildPhases = (
				E8385FAF1E5920DC0019BB85 /* Sources */,
				E8385FB01E5920DC0019BB85 /* Frameworks */,
				E8385FB11E5920DC0019BB85 /* Resources */,
			);
			buildRules = (
			);
			dependencies = (
			);
			name = MisRecetas;
			productName = MisRecetas;
			productReference = E8385FB31E5920DC0019BB85 /* MisRecetas.app */;
			productType = "com.apple.product-type.application";
		};
/* End PBXNativeTarget section */

/* Begin PBXProject section */
		E8385FAB1E5920DC0019BB85 /* Project object */ = {
			isa = PBXProject;
			attributes = {
				LastSwiftUpdateCheck = 0820;
				LastUpgradeCheck = 0820;
				ORGANIZATIONNAME = "Luis Yoshino";
				TargetAttributes = {
					E8385FB21E5920DC0019BB85 = {
						CreatedOnToolsVersion = 8.2.1;
						ProvisioningStyle = Automatic;
					};
				};
			};
			buildConfigurationList = E8385FAE1E5920DC0019BB85 /* Build configuration list for PBXProject "MisRecetas" */;
			compatibilityVersion = "Xcode 3.2";
			developmentRegion = English;
			hasScannedForEncodings = 0;
			knownRegions = (
				en,
				Base,
			);
			mainGroup = E8385FAA1E5920DC0019BB85;
			productRefGroup = E8385FB41E5920DC0019BB85 /* Products */;
			projectDirPath = "";
			projectRoot = "";
			targets = (
				E8385FB21E5920DC0019BB85 /* MisRecetas */,
			);
		};
/* End PBXProject section */

/* Begin PBXResourcesBuildPhase section */
		E8385FB11E5920DC0019BB85 /* Resources */ = {
			isa = PBXResourcesBuildPhase;
			buildActionMask = 2147483647;
			files = (
				E852D0EE1E6249AF00C5DE01 /* 31.mp3 in Resources */,
				E852D0F01E6249AF00C5DE01 /* 41.mp3 in Resources */,
				E852D0341E62272200C5DE01 /* j6.mp3 in Resources */,
				E852D0301E62272200C5DE01 /* j2.mp3 in Resources */,
				E852CFEB1E620D4C00C5DE01 /* x12.mp3 in Resources */,
				E852CFE71E620D4C00C5DE01 /* x8.mp3 in Resources */,
				E852CFC31E61F70900C5DE01 /* a17.mp3 in Resources */,
				E852CFC11E61F70900C5DE01 /* a15.mp3 in Resources */,
				E852D0361E62272200C5DE01 /* j8.mp3 in Resources */,
				E852D0111E62140A00C5DE01 /* pt4.mp3 in Resources */,
				E852D1021E6249AF00C5DE01 /* 93.mp3 in Resources */,
				E852CF991E61F44300C5DE01 /* sc1.mp3 in Resources */,
				E852D0371E62272200C5DE01 /* j9.mp3 in Resources */,
				E852CFB51E61F70900C5DE01 /* a3.mp3 in Resources */,
				E852CFE81E620D4C00C5DE01 /* x9.mp3 in Resources */,
				E852CFF11E620D4C00C5DE01 /* x18.mp3 in Resources */,
				E852D0091E62140A00C5DE01 /* pr4.mp3 in Resources */,
				E852CFB31E61F70900C5DE01 /* a1.mp3 in Resources */,
				E852D0F21E6249AF00C5DE01 /* 61.mp3 in Resources */,
				E852D0E41E6249AF00C5DE01 /* 12.mp3 in Resources */,
				E852D0451E62369900C5DE01 /* v2.mp3 in Resources */,
				E852D0F31E6249AF00C5DE01 /* 70.mp3 in Resources */,
				E852D0331E62272200C5DE01 /* j5.mp3 in Resources */,
				E852D04B1E62369900C5DE01 /* v8.mp3 in Resources */,
				E852CFE11E620D4C00C5DE01 /* x2.mp3 in Resources */,
				E852CFF61E620D4C00C5DE01 /* x23.mp3 in Resources */,
				E852D0FF1E6249AF00C5DE01 /* 90.mp3 in Resources */,
				E852CF9C1E61F44300C5DE01 /* sd2.mp3 in Resources */,
				E852CF951E61F44300C5DE01 /* sb2.mp3 in Resources */,
				E852D0ED1E6249AF00C5DE01 /* 27.mp3 in Resources */,
				E852CFC41E61F70900C5DE01 /* a18.mp3 in Resources */,
				E852D0D91E6249AF00C5DE01 /* 1.mp3 in Resources */,
				E852D00D1E62140A00C5DE01 /* pr8.mp3 in Resources */,
				E852D0081E62140A00C5DE01 /* pr3.mp3 in Resources */,
				E852CFEF1E620D4C00C5DE01 /* x16.mp3 in Resources */,
				E852CFE51E620D4C00C5DE01 /* x6.mp3 in Resources */,
				E852D0E61E6249AF00C5DE01 /* 14.mp3 in Resources */,
				E852D0F91E6249AF00C5DE01 /* 79.mp3 in Resources */,
				E852CFF51E620D4C00C5DE01 /* x22.mp3 in Resources */,
				E852CF911E61F44300C5DE01 /* s3.mp3 in Resources */,
				E852CF901E61F44300C5DE01 /* s2.mp3 in Resources */,
				E852D1011E6249AF00C5DE01 /* 92.mp3 in Resources */,
				E852CFBB1E61F70900C5DE01 /* a9.mp3 in Resources */,
				E852CFEA1E620D4C00C5DE01 /* x11.mp3 in Resources */,
				E852CF9D1E61F44300C5DE01 /* sd3.mp3 in Resources */,
				E852D00A1E62140A00C5DE01 /* pr5.mp3 in Resources */,
				E852D0381E62272200C5DE01 /* j10.mp3 in Resources */,
				E852D1031E6249AF00C5DE01 /* 94.mp3 in Resources */,
				E852CFE41E620D4C00C5DE01 /* x5.mp3 in Resources */,
				E852CF941E61F44300C5DE01 /* sb1.mp3 in Resources */,
				E852CFBA1E61F70900C5DE01 /* a8.mp3 in Resources */,
				E852D0DC1E6249AF00C5DE01 /* 4.mp3 in Resources */,
				E852CFBF1E61F70900C5DE01 /* a13.mp3 in Resources */,
				E852CFC21E61F70900C5DE01 /* a16.mp3 in Resources */,
				E852D00C1E62140A00C5DE01 /* pr7.mp3 in Resources */,
				E852D1051E6249AF00C5DE01 /* 99.mp3 in Resources */,
				E852CFED1E620D4C00C5DE01 /* x14.mp3 in Resources */,
				E852D0FB1E6249AF00C5DE01 /* 81.mp3 in Resources */,
				E8385FC11E5920DC0019BB85 /* LaunchScreen.storyboard in Resources */,
				E852D0EF1E6249AF00C5DE01 /* 40.mp3 in Resources */,
				E852D0291E62272200C5DE01 /* i3.mp3 in Resources */,
				E852CFF31E620D4C00C5DE01 /* x20.mp3 in Resources */,
				E852D0DD1E6249AF00C5DE01 /* 5.mp3 in Resources */,
				E852D0071E62140A00C5DE01 /* pr2.mp3 in Resources */,
				E852D0EA1E6249AF00C5DE01 /* 18.mp3 in Resources */,
				E852CFBD1E61F70900C5DE01 /* a11.mp3 in Resources */,
				E852D0391E62272200C5DE01 /* j11.mp3 in Resources */,
				E852D0E31E6249AF00C5DE01 /* 11.mp3 in Resources */,
				E852D02B1E62272200C5DE01 /* i5.mp3 in Resources */,
				E852D0E91E6249AF00C5DE01 /* 17.mp3 in Resources */,
				E852D0EB1E6249AF00C5DE01 /* 19.mp3 in Resources */,
				E852CFE61E620D4C00C5DE01 /* x7.mp3 in Resources */,
				E852CF921E61F44300C5DE01 /* sa1.mp3 in Resources */,
				E852CFC01E61F70900C5DE01 /* a14.mp3 in Resources */,
				E852D02C1E62272200C5DE01 /* i6.mp3 in Resources */,
				E852CF9F1E61F44300C5DE01 /* sd5.mp3 in Resources */,
				E852D0461E62369900C5DE01 /* v3.mp3 in Resources */,
				E852D0481E62369900C5DE01 /* v5.mp3 in Resources */,
				E852D0E01E6249AF00C5DE01 /* 8.mp3 in Resources */,
				E852D0131E62147100C5DE01 /* pr0.mp3 in Resources */,
				E852D02A1E62272200C5DE01 /* i4.mp3 in Resources */,
				E852D00B1E62140A00C5DE01 /* pr6.mp3 in Resources */,
				E852D0DF1E6249AF00C5DE01 /* 7.mp3 in Resources */,
				E852D02F1E62272200C5DE01 /* j1.mp3 in Resources */,
				E852CFE21E620D4C00C5DE01 /* x3.mp3 in Resources */,
				E852D0311E62272200C5DE01 /* j3.mp3 in Resources */,
				E852D0271E62272200C5DE01 /* i1.mp3 in Resources */,
				E852CF8F1E61F44300C5DE01 /* s1.mp3 in Resources */,
				E852D0F71E6249AF00C5DE01 /* 73.mp3 in Resources */,
				E852D0FE1E6249AF00C5DE01 /* 86.mp3 in Resources */,
				E852CFE31E620D4C00C5DE01 /* x4.mp3 in Resources */,
				E852D0101E62140A00C5DE01 /* pt3.mp3 in Resources */,
				E852CFF71E620D4C00C5DE01 /* x24.mp3 in Resources */,
				E852D0471E62369900C5DE01 /* v4.mp3 in Resources */,
				E852D0E51E6249AF00C5DE01 /* 13.mp3 in Resources */,
				E852D0DB1E6249AF00C5DE01 /* 3.mp3 in Resources */,
				E852CFF01E620D4C00C5DE01 /* x17.mp3 in Resources */,
				E852CFB41E61F70900C5DE01 /* a2.mp3 in Resources */,
				E852D0321E62272200C5DE01 /* j4.mp3 in Resources */,
				E852D0E71E6249AF00C5DE01 /* 15.mp3 in Resources */,
				E852D0FC1E6249AF00C5DE01 /* 82.mp3 in Resources */,
				E852D0FD1E6249AF00C5DE01 /* 85.mp3 in Resources */,
				E852D0F11E6249AF00C5DE01 /* 51.mp3 in Resources */,
				E852D0281E62272200C5DE01 /* i2.mp3 in Resources */,
				E852CF9A1E61F44300C5DE01 /* sc2.mp3 in Resources */,
				E852CFB91E61F70900C5DE01 /* a7.mp3 in Resources */,
				E852CF981E61F44300C5DE01 /* sb5.mp3 in Resources */,
				E852D0D81E6249AF00C5DE01 /* 0.mp3 in Resources */,
				E852D0DA1E6249AF00C5DE01 /* 2.mp3 in Resources */,
				E852CFE91E620D4C00C5DE01 /* x10.mp3 in Resources */,
				E852D0F61E6249AF00C5DE01 /* 72.mp3 in Resources */,
				E852D02D1E62272200C5DE01 /* i7.mp3 in Resources */,
				E852D0E21E6249AF00C5DE01 /* 10.mp3 in Resources */,
				E852CFBE1E61F70900C5DE01 /* a12.mp3 in Resources */,
				E852D1001E6249AF00C5DE01 /* 91.mp3 in Resources */,
				E852CFF41E620D4C00C5DE01 /* x21.mp3 in Resources */,
				E852CFB71E61F70900C5DE01 /* a5.mp3 in Resources */,
				E852CFBC1E61F70900C5DE01 /* a10.mp3 in Resources */,
				E852D0441E62369900C5DE01 /* v1.mp3 in Resources */,
				E852D0491E62369900C5DE01 /* v6.mp3 in Resources */,
				E852CFC51E61F70900C5DE01 /* a19.mp3 in Resources */,
				E852CFF21E620D4C00C5DE01 /* x19.mp3 in Resources */,
				E852CF9E1E61F44300C5DE01 /* sd4.mp3 in Resources */,
				E852D0EC1E6249AF00C5DE01 /* 21.mp3 in Resources */,
				E852D0061E62140A00C5DE01 /* pr1.mp3 in Resources */,
				E852D0DE1E6249AF00C5DE01 /* 6.mp3 in Resources */,
				E852D0FA1E6249AF00C5DE01 /* 80.mp3 in Resources */,
				E852D0F81E6249AF00C5DE01 /* 78.mp3 in Resources */,
				E852CF931E61F44300C5DE01 /* sa2.mp3 in Resources */,
				E852D00F1E62140A00C5DE01 /* pt2.mp3 in Resources */,
				E852D04C1E62369900C5DE01 /* v9.mp3 in Resources */,
				E852CFF81E620D4C00C5DE01 /* x25.mp3 in Resources */,
				E852D04D1E62369900C5DE01 /* v10.mp3 in Resources */,
				E852CFB61E61F70900C5DE01 /* a4.mp3 in Resources */,
				E852D04A1E62369900C5DE01 /* v7.mp3 in Resources */,
				E8385FBE1E5920DC0019BB85 /* Assets.xcassets in Resources */,
				E852CF961E61F44300C5DE01 /* sb3.mp3 in Resources */,
				E852CFF91E620D4C00C5DE01 /* x26.mp3 in Resources */,
				E852CF9B1E61F44300C5DE01 /* sd1.mp3 in Resources */,
				E852CFB81E61F70900C5DE01 /* a6.mp3 in Resources */,
				E852CFE01E620D4C00C5DE01 /* x1.mp3 in Resources */,
				E852D1041E6249AF00C5DE01 /* 98.mp3 in Resources */,
				E852D0E81E6249AF00C5DE01 /* 16.mp3 in Resources */,
				E852CFEC1E620D4C00C5DE01 /* x13.mp3 in Resources */,
				E852D02E1E62272200C5DE01 /* i8.mp3 in Resources */,
				E852D0E11E6249AF00C5DE01 /* 9.mp3 in Resources */,
				E852D0351E62272200C5DE01 /* j7.mp3 in Resources */,
				E852D0F51E6249AF00C5DE01 /* 71.mp3 in Resources */,
				E852CF971E61F44300C5DE01 /* sb4.mp3 in Resources */,
				E8385FBC1E5920DC0019BB85 /* Main.storyboard in Resources */,
				E852D00E1E62140A00C5DE01 /* pt1.mp3 in Resources */,
				E852CFEE1E620D4C00C5DE01 /* x15.mp3 in Resources */,
			);
			runOnlyForDeploymentPostprocessing = 0;
		};
/* End PBXResourcesBuildPhase section */

/* Begin PBXSourcesBuildPhase section */
		E8385FAF1E5920DC0019BB85 /* Sources */ = {
			isa = PBXSourcesBuildPhase;
			buildActionMask = 2147483647;
			files = (
				E8385FB91E5920DC0019BB85 /* ViewController.swift in Sources */,
				E8385FB71E5920DC0019BB85 /* AppDelegate.swift in Sources */,
				E8D97EDA1E5ED90F00A00425 /* TableViewCellQuestionCell.swift in Sources */,
				E8D97ED21E5EABA700A00425 /* ClassQuestion.swift in Sources */,
				E8D97ED81E5ED4B800A00425 /* TableViewCellDetailQuestion.swift in Sources */,
				E8D97ED61E5EC37B00A00425 /* TableViewCellQuestionController.swift in Sources */,
			);
			runOnlyForDeploymentPostprocessing = 0;
		};
/* End PBXSourcesBuildPhase section */

/* Begin PBXVariantGroup section */
		E8385FBA1E5920DC0019BB85 /* Main.storyboard */ = {
			isa = PBXVariantGroup;
			children = (
				E8385FBB1E5920DC0019BB85 /* Base */,
			);
			name = Main.storyboard;
			sourceTree = "<group>";
		};
		E8385FBF1E5920DC0019BB85 /* LaunchScreen.storyboard */ = {
			isa = PBXVariantGroup;
			children = (
				E8385FC01E5920DC0019BB85 /* Base */,
			);
			name = LaunchScreen.storyboard;
			sourceTree = "<group>";
		};
/* End PBXVariantGroup section */

/* Begin XCBuildConfiguration section */
		E8385FC31E5920DC0019BB85 /* Debug */ = {
			isa = XCBuildConfiguration;
			buildSettings = {
				ALWAYS_SEARCH_USER_PATHS = NO;
				CLANG_ANALYZER_NONNULL = YES;
				CLANG_CXX_LANGUAGE_STANDARD = "gnu++0x";
				CLANG_CXX_LIBRARY = "libc++";
				CLANG_ENABLE_MODULES = YES;
				CLANG_ENABLE_OBJC_ARC = YES;
				CLANG_WARN_BOOL_CONVERSION = YES;
				CLANG_WARN_CONSTANT_CONVERSION = YES;
				CLANG_WARN_DIRECT_OBJC_ISA_USAGE = YES_ERROR;
				CLANG_WARN_DOCUMENTATION_COMMENTS = YES;
				CLANG_WARN_EMPTY_BODY = YES;
				CLANG_WARN_ENUM_CONVERSION = YES;
				CLANG_WARN_INFINITE_RECURSION = YES;
				CLANG_WARN_INT_CONVERSION = YES;
				CLANG_WARN_OBJC_ROOT_CLASS = YES_ERROR;
				CLANG_WARN_SUSPICIOUS_MOVE = YES;
				CLANG_WARN_UNREACHABLE_CODE = YES;
				CLANG_WARN__DUPLICATE_METHOD_MATCH = YES;
				"CODE_SIGN_IDENTITY[sdk=iphoneos*]" = "iPhone Developer";
				COPY_PHASE_STRIP = NO;
				DEBUG_INFORMATION_FORMAT = dwarf;
				ENABLE_STRICT_OBJC_MSGSEND = YES;
				ENABLE_TESTABILITY = YES;
				GCC_C_LANGUAGE_STANDARD = gnu99;
				GCC_DYNAMIC_NO_PIC = NO;
				GCC_NO_COMMON_BLOCKS = YES;
				GCC_OPTIMIZATION_LEVEL = 0;
				GCC_PREPROCESSOR_DEFINITIONS = (
					"DEBUG=1",
					"$(inherited)",
				);
				GCC_WARN_64_TO_32_BIT_CONVERSION = YES;
				GCC_WARN_ABOUT_RETURN_TYPE = YES_ERROR;
				GCC_WARN_UNDECLARED_SELECTOR = YES;
				GCC_WARN_UNINITIALIZED_AUTOS = YES_AGGRESSIVE;
				GCC_WARN_UNUSED_FUNCTION = YES;
				GCC_WARN_UNUSED_VARIABLE = YES;
				IPHONEOS_DEPLOYMENT_TARGET = 10.2;
				MTL_ENABLE_DEBUG_INFO = YES;
				ONLY_ACTIVE_ARCH = YES;
				SDKROOT = iphoneos;
				SWIFT_ACTIVE_COMPILATION_CONDITIONS = DEBUG;
				SWIFT_OPTIMIZATION_LEVEL = "-Onone";
			};
			name = Debug;
		};
		E8385FC41E5920DC0019BB85 /* Release */ = {
			isa = XCBuildConfiguration;
			buildSettings = {
				ALWAYS_SEARCH_USER_PATHS = NO;
				CLANG_ANALYZER_NONNULL = YES;
				CLANG_CXX_LANGUAGE_STANDARD = "gnu++0x";
				CLANG_CXX_LIBRARY = "libc++";
				CLANG_ENABLE_MODULES = YES;
				CLANG_ENABLE_OBJC_ARC = YES;
				CLANG_WARN_BOOL_CONVERSION = YES;
				CLANG_WARN_CONSTANT_CONVERSION = YES;
				CLANG_WARN_DIRECT_OBJC_ISA_USAGE = YES_ERROR;
				CLANG_WARN_DOCUMENTATION_COMMENTS = YES;
				CLANG_WARN_EMPTY_BODY = YES;
				CLANG_WARN_ENUM_CONVERSION = YES;
				CLANG_WARN_INFINITE_RECURSION = YES;
				CLANG_WARN_INT_CONVERSION = YES;
				CLANG_WARN_OBJC_ROOT_CLASS = YES_ERROR;
				CLANG_WARN_SUSPICIOUS_MOVE = YES;
				CLANG_WARN_UNREACHABLE_CODE = YES;
				CLANG_WARN__DUPLICATE_METHOD_MATCH = YES;
				"CODE_SIGN_IDENTITY[sdk=iphoneos*]" = "iPhone Developer";
				COPY_PHASE_STRIP = NO;
				DEBUG_INFORMATION_FORMAT = "dwarf-with-dsym";
				ENABLE_NS_ASSERTIONS = NO;
				ENABLE_STRICT_OBJC_MSGSEND = YES;
				GCC_C_LANGUAGE_STANDARD = gnu99;
				GCC_NO_COMMON_BLOCKS = YES;
				GCC_WARN_64_TO_32_BIT_CONVERSION = YES;
				GCC_WARN_ABOUT_RETURN_TYPE = YES_ERROR;
				GCC_WARN_UNDECLARED_SELECTOR = YES;
				GCC_WARN_UNINITIALIZED_AUTOS = YES_AGGRESSIVE;
				GCC_WARN_UNUSED_FUNCTION = YES;
				GCC_WARN_UNUSED_VARIABLE = YES;
				IPHONEOS_DEPLOYMENT_TARGET = 10.2;
				MTL_ENABLE_DEBUG_INFO = NO;
				SDKROOT = iphoneos;
				SWIFT_OPTIMIZATION_LEVEL = "-Owholemodule";
				VALIDATE_PRODUCT = YES;
			};
			name = Release;
		};
		E8385FC61E5920DC0019BB85 /* Debug */ = {
			isa = XCBuildConfiguration;
			buildSettings = {
				ASSETCATALOG_COMPILER_APPICON_NAME = AppIcon;
				INFOPLIST_FILE = MisRecetas/Info.plist;
				LD_RUNPATH_SEARCH_PATHS = "$(inherited) @executable_path/Frameworks";
				PRODUCT_BUNDLE_IDENTIFIER = com.luisyoshino.MisRecetas;
				PRODUCT_NAME = "$(TARGET_NAME)";
				SWIFT_VERSION = 3.0;
			};
			name = Debug;
		};
		E8385FC71E5920DC0019BB85 /* Release */ = {
			isa = XCBuildConfiguration;
			buildSettings = {
				ASSETCATALOG_COMPILER_APPICON_NAME = AppIcon;
				INFOPLIST_FILE = MisRecetas/Info.plist;
				LD_RUNPATH_SEARCH_PATHS = "$(inherited) @executable_path/Frameworks";
				PRODUCT_BUNDLE_IDENTIFIER = com.luisyoshino.MisRecetas;
				PRODUCT_NAME = "$(TARGET_NAME)";
				SWIFT_VERSION = 3.0;
			};
			name = Release;
		};
/* End XCBuildConfiguration section */

/* Begin XCConfigurationList section */
		E8385FAE1E5920DC0019BB85 /* Build configuration list for PBXProject "MisRecetas" */ = {
			isa = XCConfigurationList;
			buildConfigurations = (
				E8385FC31E5920DC0019BB85 /* Debug */,
				E8385FC41E5920DC0019BB85 /* Release */,
			);
			defaultConfigurationIsVisible = 0;
			defaultConfigurationName = Release;
		};
		E8385FC51E5920DC0019BB85 /* Build configuration list for PBXNativeTarget "MisRecetas" */ = {
			isa = XCConfigurationList;
			buildConfigurations = (
				E8385FC61E5920DC0019BB85 /* Debug */,
				E8385FC71E5920DC0019BB85 /* Release */,
			);
			defaultConfigurationIsVisible = 0;
			defaultConfigurationName = Release;
		};
/* End XCConfigurationList section */
	};
	rootObject = E8385FAB1E5920DC0019BB85 /* Project object */;
}
